{
  "name": "myemojis",
  "version": "1.0.0",
  "lockfileVersion": 2,
  "requires": true,
  "packages": {
    "": {
      "name": "myemojis",
      "version": "1.0.0",
      "license": "ISC",
      "dependencies": {
        "intl-segmenter-polyfill": "^0.4.4"
      }
    },
    "node_modules/fast-text-encoding": {
      "version": "1.0.6",
      "resolved": "https://registry.npmjs.org/fast-text-encoding/-/fast-text-encoding-1.0.6.tgz",
      "integrity": "sha512-VhXlQgj9ioXCqGstD37E/HBeqEGV/qOD/kmbVG8h5xKBYvM1L3lR1Zn4555cQ8GkYbJa8aJSipLPndE1k6zK2w=="
    },
    "node_modules/intl-segmenter-polyfill": {
      "version": "0.4.4",
      "resolved": "https://registry.npmjs.org/intl-segmenter-polyfill/-/intl-segmenter-polyfill-0.4.4.tgz",
      "integrity": "sha512-dIOcmvH+Q1WYGkjMqxPfaCgHEwOegH5UPcd/LLeaeY8aguHadC46MzGb40q8C1LrsuyJxJGKeKqoVtIh9ADRXQ==",
      "dependencies": {
        "fast-text-encoding": "^1.0.2"
      }
    }
  },
  "dependencies": {
    "fast-text-encoding": {
      "version": "1.0.6",
      "resolved": "https://registry.npmjs.org/fast-text-encoding/-/fast-text-encoding-1.0.6.tgz",
      "integrity": "sha512-VhXlQgj9ioXCqGstD37E/HBeqEGV/qOD/kmbVG8h5xKBYvM1L3lR1Zn4555cQ8GkYbJa8aJSipLPndE1k6zK2w=="
    },
    "intl-segmenter-polyfill": {
      "version": "0.4.4",
      "resolved": "https://registry.npmjs.org/intl-segmenter-polyfill/-/intl-segmenter-polyfill-0.4.4.tgz",
      "integrity": "sha512-dIOcmvH+Q1WYGkjMqxPfaCgHEwOegH5UPcd/LLeaeY8aguHadC46MzGb40q8C1LrsuyJxJGKeKqoVtIh9ADRXQ==",
      "requires": {
        "fast-text-encoding": "^1.0.2"
      }
    }
  }
}
